
Microsoft Visual Studio Solution File, Format Version 12.00
# Visual Studio 14
VisualStudioVersion = 14.0.25420.1
MinimumVisualStudioVersion = 10.0.40219.1
Project("{FAE04EC0-301F-11D3-BF4B-00C04F79EFBC}") = "Debit Card Number", "Debit Card Number\Debit Card Number.csproj", "{560EF0D2-0235-45D4-86D9-798D6E57D6B2}"
EndProject
Project("{2150E333-8FDC-42A3-9474-1A3956D46DE8}") = "Basic Syntax", "Basic Syntax", "{41B2C647-859C-4931-B3D1-B8E603C5CA09}"
EndProject
Project("{FAE04EC0-301F-11D3-BF4B-00C04F79EFBC}") = "Ractangle Area", "Ractangle Area\Ractangle Area.csproj", "{5D099E96-67C4-4F4D-9749-DDE28E022509}"
EndProject
Project("{FAE04EC0-301F-11D3-BF4B-00C04F79EFBC}") = "Miles to KM", "Miles to KM\Miles to KM.csproj", "{319DDD55-C89C-426E-8A22-BB91652ECFAB}"
EndProject
Project("{FAE04EC0-301F-11D3-BF4B-00C04F79EFBC}") = "Product Lable", "Product Lable\Product Lable.csproj", "{CC0332D1-4000-4382-AF47-1E9C0BDED4F7}"
EndProject
Project("{FAE04EC0-301F-11D3-BF4B-00C04F79EFBC}") = "Character Stats", "Character Stats\Character Stats.csproj", "{CE8AD669-F5B4-49BC-B8C5-6ED61E162245}"
EndProject
Project("{FAE04EC0-301F-11D3-BF4B-00C04F79EFBC}") = "blank", "blank\blank.csproj", "{16EB61F2-75DD-4015-877B-6AC103D4CC4F}"
EndProject
Project("{2150E333-8FDC-42A3-9474-1A3956D46DE8}") = "Statments and Loops", "Statments and Loops", "{5477920A-9A9B-4B99-AFB9-CF5BCC3F815A}"
EndProject
Project("{FAE04EC0-301F-11D3-BF4B-00C04F79EFBC}") = "Choose a drink", "Choose a drink\Choose a drink.csproj", "{83D9F228-0B6E-4E2B-8231-4E177B4E4734}"
EndProject
Project("{FAE04EC0-301F-11D3-BF4B-00C04F79EFBC}") = "Choose a drink 2.0", "Choose a drink 2.0\Choose a drink 2.0.csproj", "{822086C9-AC1C-4C34-BF13-E283238F9E16}"
EndProject
Project("{FAE04EC0-301F-11D3-BF4B-00C04F79EFBC}") = "Restoraunt Discount", "Restoraunt Discount\Restoraunt Discount.csproj", "{168C046B-268D-4630-BF57-18C4A655425C}"
EndProject
Project("{2150E333-8FDC-42A3-9474-1A3956D46DE8}") = "Basic more ex", "Basic more ex", "{D82C7687-0B95-46A8-8246-5A8DC0E796AD}"
EndProject
Project("{FAE04EC0-301F-11D3-BF4B-00C04F79EFBC}") = "X", "X\X.csproj", "{BE0CE2FE-E6F2-4538-AB5C-E9DCFBF7FAA0}"
EndProject
Project("{FAE04EC0-301F-11D3-BF4B-00C04F79EFBC}") = "Games", "Games\Games.csproj", "{FACC8CB7-A969-49E8-B9A4-5492EC272763}"
EndProject
Project("{2150E333-8FDC-42A3-9474-1A3956D46DE8}") = "Methods", "Methods", "{075F71AB-BDE5-4295-9958-6ECE1A1A33F3}"
EndProject
Project("{FAE04EC0-301F-11D3-BF4B-00C04F79EFBC}") = "Blanck Reciet", "Blanck Reciet\Blanck Reciet.csproj", "{8F8EDD86-165E-4B2F-B65E-D4464C2AEAD3}"
EndProject
Project("{2150E333-8FDC-42A3-9474-1A3956D46DE8}") = "Arrays", "Arrays", "{A1B4CF9A-7585-49DF-81EB-BFC40EE6255D}"
EndProject
Project("{FAE04EC0-301F-11D3-BF4B-00C04F79EFBC}") = "num in revers", "num in revers\num in revers.csproj", "{835C10F0-DC57-4EA2-BA6D-3BC6A24CED62}"
EndProject
Project("{FAE04EC0-301F-11D3-BF4B-00C04F79EFBC}") = "spliting", "spliting\spliting.csproj", "{0BE569C8-F5FD-4F20-922B-1974C8E96915}"
EndProject
Project("{FAE04EC0-301F-11D3-BF4B-00C04F79EFBC}") = "spliting V2.0", "spliting V2.0\spliting V2.0.csproj", "{FC069F7F-5782-46FD-9D84-2FD8580FC1AD}"
EndProject
Project("{FAE04EC0-301F-11D3-BF4B-00C04F79EFBC}") = "exchange positions", "exchange positions\exchange positions.csproj", "{D9E44E60-87F0-4D56-A66B-A142F86739D3}"
EndProject
Global
	GlobalSection(SolutionConfigurationPlatforms) = preSolution
		Debug|Any CPU = Debug|Any CPU
		Release|Any CPU = Release|Any CPU
	EndGlobalSection
	GlobalSection(ProjectConfigurationPlatforms) = postSolution
		{560EF0D2-0235-45D4-86D9-798D6E57D6B2}.Debug|Any CPU.ActiveCfg = Debug|Any CPU
		{560EF0D2-0235-45D4-86D9-798D6E57D6B2}.Debug|Any CPU.Build.0 = Debug|Any CPU
		{560EF0D2-0235-45D4-86D9-798D6E57D6B2}.Release|Any CPU.ActiveCfg = Release|Any CPU
		{560EF0D2-0235-45D4-86D9-798D6E57D6B2}.Release|Any CPU.Build.0 = Release|Any CPU
		{5D099E96-67C4-4F4D-9749-DDE28E022509}.Debug|Any CPU.ActiveCfg = Debug|Any CPU
		{5D099E96-67C4-4F4D-9749-DDE28E022509}.Debug|Any CPU.Build.0 = Debug|Any CPU
		{5D099E96-67C4-4F4D-9749-DDE28E022509}.Release|Any CPU.ActiveCfg = Release|Any CPU
		{5D099E96-67C4-4F4D-9749-DDE28E022509}.Release|Any CPU.Build.0 = Release|Any CPU
		{319DDD55-C89C-426E-8A22-BB91652ECFAB}.Debug|Any CPU.ActiveCfg = Debug|Any CPU
		{319DDD55-C89C-426E-8A22-BB91652ECFAB}.Debug|Any CPU.Build.0 = Debug|Any CPU
		{319DDD55-C89C-426E-8A22-BB91652ECFAB}.Release|Any CPU.ActiveCfg = Release|Any CPU
		{319DDD55-C89C-426E-8A22-BB91652ECFAB}.Release|Any CPU.Build.0 = Release|Any CPU
		{CC0332D1-4000-4382-AF47-1E9C0BDED4F7}.Debug|Any CPU.ActiveCfg = Debug|Any CPU
		{CC0332D1-4000-4382-AF47-1E9C0BDED4F7}.Debug|Any CPU.Build.0 = Debug|Any CPU
		{CC0332D1-4000-4382-AF47-1E9C0BDED4F7}.Release|Any CPU.ActiveCfg = Release|Any CPU
		{CC0332D1-4000-4382-AF47-1E9C0BDED4F7}.Release|Any CPU.Build.0 = Release|Any CPU
		{CE8AD669-F5B4-49BC-B8C5-6ED61E162245}.Debug|Any CPU.ActiveCfg = Debug|Any CPU
		{CE8AD669-F5B4-49BC-B8C5-6ED61E162245}.Debug|Any CPU.Build.0 = Debug|Any CPU
		{CE8AD669-F5B4-49BC-B8C5-6ED61E162245}.Release|Any CPU.ActiveCfg = Release|Any CPU
		{CE8AD669-F5B4-49BC-B8C5-6ED61E162245}.Release|Any CPU.Build.0 = Release|Any CPU
		{16EB61F2-75DD-4015-877B-6AC103D4CC4F}.Debug|Any CPU.ActiveCfg = Debug|Any CPU
		{16EB61F2-75DD-4015-877B-6AC103D4CC4F}.Debug|Any CPU.Build.0 = Debug|Any CPU
		{16EB61F2-75DD-4015-877B-6AC103D4CC4F}.Release|Any CPU.ActiveCfg = Release|Any CPU
		{16EB61F2-75DD-4015-877B-6AC103D4CC4F}.Release|Any CPU.Build.0 = Release|Any CPU
		{83D9F228-0B6E-4E2B-8231-4E177B4E4734}.Debug|Any CPU.ActiveCfg = Debug|Any CPU
		{83D9F228-0B6E-4E2B-8231-4E177B4E4734}.Debug|Any CPU.Build.0 = Debug|Any CPU
		{83D9F228-0B6E-4E2B-8231-4E177B4E4734}.Release|Any CPU.ActiveCfg = Release|Any CPU
		{83D9F228-0B6E-4E2B-8231-4E177B4E4734}.Release|Any CPU.Build.0 = Release|Any CPU
		{822086C9-AC1C-4C34-BF13-E283238F9E16}.Debug|Any CPU.ActiveCfg = Debug|Any CPU
		{822086C9-AC1C-4C34-BF13-E283238F9E16}.Debug|Any CPU.Build.0 = Debug|Any CPU
		{822086C9-AC1C-4C34-BF13-E283238F9E16}.Release|Any CPU.ActiveCfg = Release|Any CPU
		{822086C9-AC1C-4C34-BF13-E283238F9E16}.Release|Any CPU.Build.0 = Release|Any CPU
		{168C046B-268D-4630-BF57-18C4A655425C}.Debug|Any CPU.ActiveCfg = Debug|Any CPU
		{168C046B-268D-4630-BF57-18C4A655425C}.Debug|Any CPU.Build.0 = Debug|Any CPU
		{168C046B-268D-4630-BF57-18C4A655425C}.Release|Any CPU.ActiveCfg = Release|Any CPU
		{168C046B-268D-4630-BF57-18C4A655425C}.Release|Any CPU.Build.0 = Release|Any CPU
		{BE0CE2FE-E6F2-4538-AB5C-E9DCFBF7FAA0}.Debug|Any CPU.ActiveCfg = Debug|Any CPU
		{BE0CE2FE-E6F2-4538-AB5C-E9DCFBF7FAA0}.Debug|Any CPU.Build.0 = Debug|Any CPU
		{BE0CE2FE-E6F2-4538-AB5C-E9DCFBF7FAA0}.Release|Any CPU.ActiveCfg = Release|Any CPU
		{BE0CE2FE-E6F2-4538-AB5C-E9DCFBF7FAA0}.Release|Any CPU.Build.0 = Release|Any CPU
		{FACC8CB7-A969-49E8-B9A4-5492EC272763}.Debug|Any CPU.ActiveCfg = Debug|Any CPU
		{FACC8CB7-A969-49E8-B9A4-5492EC272763}.Debug|Any CPU.Build.0 = Debug|Any CPU
		{FACC8CB7-A969-49E8-B9A4-5492EC272763}.Release|Any CPU.ActiveCfg = Release|Any CPU
		{FACC8CB7-A969-49E8-B9A4-5492EC272763}.Release|Any CPU.Build.0 = Release|Any CPU
		{8F8EDD86-165E-4B2F-B65E-D4464C2AEAD3}.Debug|Any CPU.ActiveCfg = Debug|Any CPU
		{8F8EDD86-165E-4B2F-B65E-D4464C2AEAD3}.Debug|Any CPU.Build.0 = Debug|Any CPU
		{8F8EDD86-165E-4B2F-B65E-D4464C2AEAD3}.Release|Any CPU.ActiveCfg = Release|Any CPU
		{8F8EDD86-165E-4B2F-B65E-D4464C2AEAD3}.Release|Any CPU.Build.0 = Release|Any CPU
		{835C10F0-DC57-4EA2-BA6D-3BC6A24CED62}.Debug|Any CPU.ActiveCfg = Debug|Any CPU
		{835C10F0-DC57-4EA2-BA6D-3BC6A24CED62}.Debug|Any CPU.Build.0 = Debug|Any CPU
		{835C10F0-DC57-4EA2-BA6D-3BC6A24CED62}.Release|Any CPU.ActiveCfg = Release|Any CPU
		{835C10F0-DC57-4EA2-BA6D-3BC6A24CED62}.Release|Any CPU.Build.0 = Release|Any CPU
		{0BE569C8-F5FD-4F20-922B-1974C8E96915}.Debug|Any CPU.ActiveCfg = Debug|Any CPU
		{0BE569C8-F5FD-4F20-922B-1974C8E96915}.Debug|Any CPU.Build.0 = Debug|Any CPU
		{0BE569C8-F5FD-4F20-922B-1974C8E96915}.Release|Any CPU.ActiveCfg = Release|Any CPU
		{0BE569C8-F5FD-4F20-922B-1974C8E96915}.Release|Any CPU.Build.0 = Release|Any CPU
		{FC069F7F-5782-46FD-9D84-2FD8580FC1AD}.Debug|Any CPU.ActiveCfg = Debug|Any CPU
		{FC069F7F-5782-46FD-9D84-2FD8580FC1AD}.Debug|Any CPU.Build.0 = Debug|Any CPU
		{FC069F7F-5782-46FD-9D84-2FD8580FC1AD}.Release|Any CPU.ActiveCfg = Release|Any CPU
		{FC069F7F-5782-46FD-9D84-2FD8580FC1AD}.Release|Any CPU.Build.0 = Release|Any CPU
		{D9E44E60-87F0-4D56-A66B-A142F86739D3}.Debug|Any CPU.ActiveCfg = Debug|Any CPU
		{D9E44E60-87F0-4D56-A66B-A142F86739D3}.Debug|Any CPU.Build.0 = Debug|Any CPU
		{D9E44E60-87F0-4D56-A66B-A142F86739D3}.Release|Any CPU.ActiveCfg = Release|Any CPU
		{D9E44E60-87F0-4D56-A66B-A142F86739D3}.Release|Any CPU.Build.0 = Release|Any CPU
	EndGlobalSection
	GlobalSection(SolutionProperties) = preSolution
		HideSolutionNode = FALSE
	EndGlobalSection
	GlobalSection(NestedProjects) = preSolution
		{560EF0D2-0235-45D4-86D9-798D6E57D6B2} = {41B2C647-859C-4931-B3D1-B8E603C5CA09}
		{5D099E96-67C4-4F4D-9749-DDE28E022509} = {41B2C647-859C-4931-B3D1-B8E603C5CA09}
		{319DDD55-C89C-426E-8A22-BB91652ECFAB} = {41B2C647-859C-4931-B3D1-B8E603C5CA09}
		{CC0332D1-4000-4382-AF47-1E9C0BDED4F7} = {41B2C647-859C-4931-B3D1-B8E603C5CA09}
		{CE8AD669-F5B4-49BC-B8C5-6ED61E162245} = {41B2C647-859C-4931-B3D1-B8E603C5CA09}
		{83D9F228-0B6E-4E2B-8231-4E177B4E4734} = {5477920A-9A9B-4B99-AFB9-CF5BCC3F815A}
		{822086C9-AC1C-4C34-BF13-E283238F9E16} = {5477920A-9A9B-4B99-AFB9-CF5BCC3F815A}
		{168C046B-268D-4630-BF57-18C4A655425C} = {5477920A-9A9B-4B99-AFB9-CF5BCC3F815A}
		{BE0CE2FE-E6F2-4538-AB5C-E9DCFBF7FAA0} = {D82C7687-0B95-46A8-8246-5A8DC0E796AD}
		{FACC8CB7-A969-49E8-B9A4-5492EC272763} = {D82C7687-0B95-46A8-8246-5A8DC0E796AD}
		{8F8EDD86-165E-4B2F-B65E-D4464C2AEAD3} = {075F71AB-BDE5-4295-9958-6ECE1A1A33F3}
		{835C10F0-DC57-4EA2-BA6D-3BC6A24CED62} = {A1B4CF9A-7585-49DF-81EB-BFC40EE6255D}
		{0BE569C8-F5FD-4F20-922B-1974C8E96915} = {A1B4CF9A-7585-49DF-81EB-BFC40EE6255D}
		{FC069F7F-5782-46FD-9D84-2FD8580FC1AD} = {A1B4CF9A-7585-49DF-81EB-BFC40EE6255D}
		{D9E44E60-87F0-4D56-A66B-A142F86739D3} = {A1B4CF9A-7585-49DF-81EB-BFC40EE6255D}
	EndGlobalSection
EndGlobal
